{
    "name": "@capacitor-community/background-geolocation",
    "version": "1.2.14",
    "lockfileVersion": 2,
    "requires": true,
    "packages": {
        "": {
            "name": "@capacitor-community/background-geolocation",
            "version": "1.2.14",
            "license": "MIT",
            "devDependencies": {
                "@capacitor/android": "^6.0.0",
                "@capacitor/core": "^5.7.6",
                "@capacitor/ios": "^6.0.0"
            },
            "peerDependencies": {
                "@capacitor/core": "^5.7.6"
            }
        },
        "node_modules/@capacitor/android": {
            "version": "6.1.0",
            "resolved": "https://registry.npmjs.org/@capacitor/android/-/android-6.1.0.tgz",
            "integrity": "sha512-S4PW4N5xtKHTrICjG7bkBhI70jdXbb+8nbm1pJpuXChCD0gkCcofJhPaw4bCoO0egcugBN1U7DkegNw5jWpHcw==",
            "dev": true,
            "license": "MIT",
            "peerDependencies": {
                "@capacitor/core": "^6.1.0"
            }
        },
        "node_modules/@capacitor/core": {
            "version": "5.7.6",
            "resolved": "https://registry.npmjs.org/@capacitor/core/-/core-5.7.6.tgz",
            "integrity": "sha512-YVCNegFg04Pm6Rfc6KbZT2wnxAUzhcyi3b+MWFj+FwUOOFNmnGkzxCFo4tQakXFblfOK6pU0Va5XuiNs1+Fnow==",
            "dev": true,
            "license": "MIT",
            "dependencies": {
                "tslib": "^2.1.0"
            }
        },
        "node_modules/@capacitor/ios": {
            "version": "6.1.0",
            "resolved": "https://registry.npmjs.org/@capacitor/ios/-/ios-6.1.0.tgz",
            "integrity": "sha512-ex2q0LAyDDgfJj4fKDQuSNUYSpic3939/8A/sIIIxslwuRBF5i5fuhAngu6BhCt/pQSfEETcHtg2j2vD+YEZ2w==",
            "dev": true,
            "license": "MIT",
            "peerDependencies": {
                "@capacitor/core": "^6.1.0"
            }
        },
        "node_modules/tslib": {
            "version": "2.5.0",
            "dev": true,
            "license": "0BSD"
        }
    },
    "dependencies": {
        "@capacitor/android": {
            "version": "6.1.0",
            "resolved": "https://registry.npmjs.org/@capacitor/android/-/android-6.1.0.tgz",
            "integrity": "sha512-S4PW4N5xtKHTrICjG7bkBhI70jdXbb+8nbm1pJpuXChCD0gkCcofJhPaw4bCoO0egcugBN1U7DkegNw5jWpHcw==",
            "dev": true,
            "requires": {}
        },
        "@capacitor/core": {
            "version": "5.7.6",
            "resolved": "https://registry.npmjs.org/@capacitor/core/-/core-5.7.6.tgz",
            "integrity": "sha512-YVCNegFg04Pm6Rfc6KbZT2wnxAUzhcyi3b+MWFj+FwUOOFNmnGkzxCFo4tQakXFblfOK6pU0Va5XuiNs1+Fnow==",
            "dev": true,
            "requires": {
                "tslib": "^2.1.0"
            }
        },
        "@capacitor/ios": {
            "version": "6.1.0",
            "resolved": "https://registry.npmjs.org/@capacitor/ios/-/ios-6.1.0.tgz",
            "integrity": "sha512-ex2q0LAyDDgfJj4fKDQuSNUYSpic3939/8A/sIIIxslwuRBF5i5fuhAngu6BhCt/pQSfEETcHtg2j2vD+YEZ2w==",
            "dev": true,
            "requires": {}
        },
        "tslib": {
            "version": "2.5.0",
            "dev": true
        }
    }
}
